
Microsoft Visual Studio Solution File, Format Version 12.00
# Visual Studio Version 16
VisualStudioVersion = 16.0.30114.105
MinimumVisualStudioVersion = 10.0.40219.1
Project("{FAE04EC0-301F-11D3-BF4B-00C04F79EFBC}") = "API", "API\API.csproj", "{BA283C7C-B4E1-42F0-BE51-63D6B85570DB}"
EndProject
Global
	GlobalSection(SolutionConfigurationPlatforms) = preSolution
		Debug|Any CPU = Debug|Any CPU
		Release|Any CPU = Release|Any CPU
	EndGlobalSection
	GlobalSection(SolutionProperties) = preSolution
		HideSolutionNode = FALSE
	EndGlobalSection
	GlobalSection(ProjectConfigurationPlatforms) = postSolution
		{BA283C7C-B4E1-42F0-BE51-63D6B85570DB}.Debug|Any CPU.ActiveCfg = Debug|Any CPU
		{BA283C7C-B4E1-42F0-BE51-63D6B85570DB}.Debug|Any CPU.Build.0 = Debug|Any CPU
		{BA283C7C-B4E1-42F0-BE51-63D6B85570DB}.Release|Any CPU.ActiveCfg = Release|Any CPU
		{BA283C7C-B4E1-42F0-BE51-63D6B85570DB}.Release|Any CPU.Build.0 = Release|Any CPU
	EndGlobalSection
EndGlobal
